{
  "name": "uniapp-native-plugin-demo",
  "version": "1.0.0",
  "lockfileVersion": 1,
  "requires": true,
  "dependencies": {
    "@rongcloud/imlib-uni": {
      "version": "5.1.3-release.1",
      "resolved": "https://registry.npmjs.org/@rongcloud/imlib-uni/-/imlib-uni-5.1.3-release.1.tgz",
      "integrity": "sha512-wf46JQT0JkebptOya5YojCG//fJf85DFb91i0fwQ4rZNP0YfLqvW5PVZU9V/E+l6k1HMGcozzk76A1YzTxbdAQ=="
    }
  }
}
