{
  "name": "uniapp-native-plugin-demo",
  "version": "1.0.0",
  "lockfileVersion": 2,
  "requires": true,
  "packages": {
    "": {
      "name": "uniapp-native-plugin-demo",
      "version": "1.0.0",
      "license": "ISC",
      "dependencies": {
        "@rongcloud/imlib-uni": "file:../dist"
      }
    },
    "../dist": {},
    "node_modules/@rongcloud/imlib-uni": {
      "resolved": "../dist",
      "link": true
    }
  },
  "dependencies": {
    "@rongcloud/imlib-uni": {
      "version": "file:../dist"
    }
  }
}
